Microsoft Visual Studio Solution File, Format Version 12.00
# Visual Studio Version 17
VisualStudioVersion = 17.13.35825.156
MinimumVisualStudioVersion = 10.0.40219.1
Project("{9A19103F-16F7-4668-BE54-9A1E7A4F7556}") = "basketballAPI", "basketballAPI\basketballAPI.csproj", "{02363B3A-2377-4C56-9D19-F5C68C25840B}"
EndProject
Project("{9A19103F-16F7-4668-BE54-9A1E7A4F7556}") = "basketballUI", "basketballUI\basketballUI.csproj", "{E1FD69E0-5CB9-48AB-89C8-30182656A345}"
EndProject
Project("{778DAE3C-4631-46EA-AA77-85C1314464D9}") = "unitTESTING", "unitTESTING\unitTESTING.vbproj", "{E8958655-06C9-4B16-A1D7-F3B05D707CF8}"
EndProject
Global
	GlobalSection(SolutionConfigurationPlatforms) = preSolution
		Debug|Any CPU = Debug|Any CPU
		Release|Any CPU = Release|Any CPU
	EndGlobalSection
	GlobalSection(ProjectConfigurationPlatforms) = postSolution
		{02363B3A-2377-4C56-9D19-F5C68C25840B}.Debug|Any CPU.ActiveCfg = Debug|Any CPU
		{02363B3A-2377-4C56-9D19-F5C68C25840B}.Debug|Any CPU.Build.0 = Debug|Any CPU
		{02363B3A-2377-4C56-9D19-F5C68C25840B}.Release|Any CPU.ActiveCfg = Release|Any CPU
		{02363B3A-2377-4C56-9D19-F5C68C25840B}.Release|Any CPU.Build.0 = Release|Any CPU
		{E1FD69E0-5CB9-48AB-89C8-30182656A345}.Debug|Any CPU.ActiveCfg = Debug|Any CPU
		{E1FD69E0-5CB9-48AB-89C8-30182656A345}.Debug|Any CPU.Build.0 = Debug|Any CPU
		{E1FD69E0-5CB9-48AB-89C8-30182656A345}.Debug|Any CPU.Deploy.0 = Debug|Any CPU
		{E1FD69E0-5CB9-48AB-89C8-30182656A345}.Release|Any CPU.ActiveCfg = Release|Any CPU
		{E1FD69E0-5CB9-48AB-89C8-30182656A345}.Release|Any CPU.Build.0 = Release|Any CPU
		{E1FD69E0-5CB9-48AB-89C8-30182656A345}.Release|Any CPU.Deploy.0 = Release|Any CPU
		{E8958655-06C9-4B16-A1D7-F3B05D707CF8}.Debug|Any CPU.ActiveCfg = Debug|Any CPU
		{E8958655-06C9-4B16-A1D7-F3B05D707CF8}.Debug|Any CPU.Build.0 = Debug|Any CPU
		{E8958655-06C9-4B16-A1D7-F3B05D707CF8}.Release|Any CPU.ActiveCfg = Release|Any CPU
		{E8958655-06C9-4B16-A1D7-F3B05D707CF8}.Release|Any CPU.Build.0 = Release|Any CPU
	EndGlobalSection
	GlobalSection(SolutionProperties) = preSolution
		HideSolutionNode = FALSE
	EndGlobalSection
	GlobalSection(ExtensibilityGlobals) = postSolution
		SolutionGuid = {00151E5C-B7E3-4E02-8B6D-3D8718F5747B}
	EndGlobalSection
EndGlobal
